
Microsoft Visual Studio Solution File, Format Version 12.00
# Visual Studio Version 16
VisualStudioVersion = 16.0.31613.86
MinimumVisualStudioVersion = 10.0.40219.1
Project("{FAE04EC0-301F-11D3-BF4B-00C04F79EFBC}") = "VTB-Hakaton", "VTB-Hakaton\VTB-Hakaton.csproj", "{6DCBA5F4-8DB9-4369-B868-830E317228A4}"
EndProject
Global
	GlobalSection(SolutionConfigurationPlatforms) = preSolution
		Debug|Any CPU = Debug|Any CPU
		Release|Any CPU = Release|Any CPU
	EndGlobalSection
	GlobalSection(ProjectConfigurationPlatforms) = postSolution
		{6DCBA5F4-8DB9-4369-B868-830E317228A4}.Debug|Any CPU.ActiveCfg = Debug|Any CPU
		{6DCBA5F4-8DB9-4369-B868-830E317228A4}.Debug|Any CPU.Build.0 = Debug|Any CPU
		{6DCBA5F4-8DB9-4369-B868-830E317228A4}.Release|Any CPU.ActiveCfg = Release|Any CPU
		{6DCBA5F4-8DB9-4369-B868-830E317228A4}.Release|Any CPU.Build.0 = Release|Any CPU
	EndGlobalSection
	GlobalSection(SolutionProperties) = preSolution
		HideSolutionNode = FALSE
	EndGlobalSection
	GlobalSection(ExtensibilityGlobals) = postSolution
		SolutionGuid = {5A25B46E-66FF-4BCB-9F95-2787C4DAA4D0}
	EndGlobalSection
EndGlobal
